
Microsoft Visual Studio Solution File, Format Version 12.00
# Visual Studio Express 2012 for Web
Project("{FAE04EC0-301F-11D3-BF4B-00C04F79EFBC}") = "ffft-demo", "ffft-demo.csproj", "{967EF4A4-98F6-430B-A22B-48601B28C4D1}"
EndProject
Global
	GlobalSection(SolutionConfigurationPlatforms) = preSolution
		Debug|Any CPU = Debug|Any CPU
		Release|Any CPU = Release|Any CPU
	EndGlobalSection
	GlobalSection(ProjectConfigurationPlatforms) = postSolution
		{967EF4A4-98F6-430B-A22B-48601B28C4D1}.Debug|Any CPU.ActiveCfg = Debug|Any CPU
		{967EF4A4-98F6-430B-A22B-48601B28C4D1}.Debug|Any CPU.Build.0 = Debug|Any CPU
		{967EF4A4-98F6-430B-A22B-48601B28C4D1}.Release|Any CPU.ActiveCfg = Release|Any CPU
		{967EF4A4-98F6-430B-A22B-48601B28C4D1}.Release|Any CPU.Build.0 = Release|Any CPU
	EndGlobalSection
	GlobalSection(SolutionProperties) = preSolution
		HideSolutionNode = FALSE
	EndGlobalSection
EndGlobal
